// !$*UTF8*$!
{
	archiveVersion = 1;
	classes = {
	};
	objectVersion = 46;
	objects = {

/* Begin PBXBuildFile section */
		6FEE47F11E2DE5DA0079DA27 /* main.m in Sources */ = {isa = PBXBuildFile; fileRef = 6FEE47F01E2DE5DA0079DA27 /* main.m */; };
		6FEE47F91E2DE5FA0079DA27 /* Person.m in Sources */ = {isa = PBXBuildFile; fileRef = 6FEE47F81E2DE5FA0079DA27 /* Person.m */; };
		6FEE47FC1E2DE6250079DA27 /* Warrior.m in Sources */ = {isa = PBXBuildFile; fileRef = 6FEE47FB1E2DE6250079DA27 /* Warrior.m */; };
		6FEE47FF1E2DE6780079DA27 /* Wizard.m in Sources */ = {isa = PBXBuildFile; fileRef = 6FEE47FE1E2DE6780079DA27 /* Wizard.m */; };
		94C1B2504A1771CABD841E34 /* libPods-MyThirdIos.a in Frameworks */ = {isa = PBXBuildFile; fileRef = 415E8D843D61C897A217E0FC /* libPods-MyThirdIos.a */; };
/* End PBXBuildFile section */

/* Begin PBXCopyFilesBuildPhase section */
		6FEE47EB1E2DE5DA0079DA27 /* CopyFiles */ = {
			isa = PBXCopyFilesBuildPhase;
			buildActionMask = 2147483647;
			dstPath = /usr/share/man/man1/;
			dstSubfolderSpec = 0;
			files = (
			);
			runOnlyForDeploymentPostprocessing = 1;
		};
/* End PBXCopyFilesBuildPhase section */

/* Begin PBXFileReference section */
		3FE226840ED3CC3D1DFFBF27 /* Pods-MyThirdIos.debug.xcconfig */ = {isa = PBXFileReference; includeInIndex = 1; lastKnownFileType = text.xcconfig; name = "Pods-MyThirdIos.debug.xcconfig"; path = "Pods/Target Support Files/Pods-MyThirdIos/Pods-MyThirdIos.debug.xcconfig"; sourceTree = "<group>"; };
		415E8D843D61C897A217E0FC /* libPods-MyThirdIos.a */ = {isa = PBXFileReference; explicitFileType = archive.ar; includeInIndex = 0; path = "libPods-MyThirdIos.a"; sourceTree = BUILT_PRODUCTS_DIR; };
		6FEE47ED1E2DE5DA0079DA27 /* MyThirdIos */ = {isa = PBXFileReference; explicitFileType = "compiled.mach-o.executable"; includeInIndex = 0; path = MyThirdIos; sourceTree = BUILT_PRODUCTS_DIR; };
		6FEE47F01E2DE5DA0079DA27 /* main.m */ = {isa = PBXFileReference; lastKnownFileType = sourcecode.c.objc; path = main.m; sourceTree = "<group>"; };
		6FEE47F71E2DE5FA0079DA27 /* Person.h */ = {isa = PBXFileReference; fileEncoding = 4; lastKnownFileType = sourcecode.c.h; path = Person.h; sourceTree = "<group>"; };
		6FEE47F81E2DE5FA0079DA27 /* Person.m */ = {isa = PBXFileReference; fileEncoding = 4; lastKnownFileType = sourcecode.c.objc; path = Person.m; sourceTree = "<group>"; };
		6FEE47FA1E2DE6250079DA27 /* Warrior.h */ = {isa = PBXFileReference; fileEncoding = 4; lastKnownFileType = sourcecode.c.h; path = Warrior.h; sourceTree = "<group>"; };
		6FEE47FB1E2DE6250079DA27 /* Warrior.m */ = {isa = PBXFileReference; fileEncoding = 4; lastKnownFileType = sourcecode.c.objc; path = Warrior.m; sourceTree = "<group>"; };
		6FEE47FD1E2DE6780079DA27 /* Wizard.h */ = {isa = PBXFileReference; fileEncoding = 4; lastKnownFileType = sourcecode.c.h; path = Wizard.h; sourceTree = "<group>"; };
		6FEE47FE1E2DE6780079DA27 /* Wizard.m */ = {isa = PBXFileReference; fileEncoding = 4; lastKnownFileType = sourcecode.c.objc; path = Wizard.m; sourceTree = "<group>"; };
		E04B896968A98797C0104E09 /* Pods-MyThirdIos.release.xcconfig */ = {isa = PBXFileReference; includeInIndex = 1; lastKnownFileType = text.xcconfig; name = "Pods-MyThirdIos.release.xcconfig"; path = "Pods/Target Support Files/Pods-MyThirdIos/Pods-MyThirdIos.release.xcconfig"; sourceTree = "<group>"; };
/* End PBXFileReference section */

/* Begin PBXFrameworksBuildPhase section */
		6FEE47EA1E2DE5DA0079DA27 /* Frameworks */ = {
			isa = PBXFrameworksBuildPhase;
			buildActionMask = 2147483647;
			files = (
				94C1B2504A1771CABD841E34 /* libPods-MyThirdIos.a in Frameworks */,
			);
			runOnlyForDeploymentPostprocessing = 0;
		};
/* End PBXFrameworksBuildPhase section */

/* Begin PBXGroup section */
		0CE5EDF532B16BA3D831ACD6 /* Frameworks */ = {
			isa = PBXGroup;
			children = (
				415E8D843D61C897A217E0FC /* libPods-MyThirdIos.a */,
			);
			name = Frameworks;
			sourceTree = "<group>";
		};
		2F1BAE2E9185303C01F2126A /* Pods */ = {
			isa = PBXGroup;
			children = (
				3FE226840ED3CC3D1DFFBF27 /* Pods-MyThirdIos.debug.xcconfig */,
				E04B896968A98797C0104E09 /* Pods-MyThirdIos.release.xcconfig */,
			);
			name = Pods;
			sourceTree = "<group>";
		};
		6FEE47E41E2DE5DA0079DA27 = {
			isa = PBXGroup;
			children = (
				6FEE47EF1E2DE5DA0079DA27 /* MyThirdIos */,
				6FEE47EE1E2DE5DA0079DA27 /* Products */,
				2F1BAE2E9185303C01F2126A /* Pods */,
				0CE5EDF532B16BA3D831ACD6 /* Frameworks */,
			);
			sourceTree = "<group>";
		};
		6FEE47EE1E2DE5DA0079DA27 /* Products */ = {
			isa = PBXGroup;
			children = (
				6FEE47ED1E2DE5DA0079DA27 /* MyThirdIos */,
			);
			name = Products;
			sourceTree = "<group>";
		};
		6FEE47EF1E2DE5DA0079DA27 /* MyThirdIos */ = {
			isa = PBXGroup;
			children = (
				6FEE47F01E2DE5DA0079DA27 /* main.m */,
				6FEE47F71E2DE5FA0079DA27 /* Person.h */,
				6FEE47F81E2DE5FA0079DA27 /* Person.m */,
				6FEE47FA1E2DE6250079DA27 /* Warrior.h */,
				6FEE47FD1E2DE6780079DA27 /* Wizard.h */,
				6FEE47FE1E2DE6780079DA27 /* Wizard.m */,
				6FEE47FB1E2DE6250079DA27 /* Warrior.m */,
			);
			path = MyThirdIos;
			sourceTree = "<group>";
		};
/* End PBXGroup section */

/* Begin PBXNativeTarget section */
		6FEE47EC1E2DE5DA0079DA27 /* MyThirdIos */ = {
			isa = PBXNativeTarget;
			buildConfigurationList = 6FEE47F41E2DE5DA0079DA27 /* Build configuration list for PBXNativeTarget "MyThirdIos" */;
			buildPhases = (
				2995771292DC1B42FD480F4A /* [CP] Check Pods Manifest.lock */,
				6FEE47E91E2DE5DA0079DA27 /* Sources */,
				6FEE47EA1E2DE5DA0079DA27 /* Frameworks */,
				6FEE47EB1E2DE5DA0079DA27 /* CopyFiles */,
				FE593071B56C40A4828CAAC8 /* [CP] Copy Pods Resources */,
			);
			buildRules = (
			);
			dependencies = (
			);
			name = MyThirdIos;
			productName = MyThirdIos;
			productReference = 6FEE47ED1E2DE5DA0079DA27 /* MyThirdIos */;
			productType = "com.apple.product-type.tool";
		};
/* End PBXNativeTarget section */

/* Begin PBXProject section */
		6FEE47E51E2DE5DA0079DA27 /* Project object */ = {
			isa = PBXProject;
			attributes = {
				LastUpgradeCheck = 0820;
				ORGANIZATIONNAME = YoungsooHan;
				TargetAttributes = {
					6FEE47EC1E2DE5DA0079DA27 = {
						CreatedOnToolsVersion = 8.2.1;
						ProvisioningStyle = Automatic;
					};
				};
			};
			buildConfigurationList = 6FEE47E81E2DE5DA0079DA27 /* Build configuration list for PBXProject "MyThirdIos" */;
			compatibilityVersion = "Xcode 3.2";
			developmentRegion = English;
			hasScannedForEncodings = 0;
			knownRegions = (
				en,
			);
			mainGroup = 6FEE47E41E2DE5DA0079DA27;
			productRefGroup = 6FEE47EE1E2DE5DA0079DA27 /* Products */;
			projectDirPath = "";
			projectRoot = "";
			targets = (
				6FEE47EC1E2DE5DA0079DA27 /* MyThirdIos */,
			);
		};
/* End PBXProject section */

/* Begin PBXShellScriptBuildPhase section */
		2995771292DC1B42FD480F4A /* [CP] Check Pods Manifest.lock */ = {
			isa = PBXShellScriptBuildPhase;
			buildActionMask = 2147483647;
			files = (
			);
			inputPaths = (
			);
			name = "[CP] Check Pods Manifest.lock";
			outputPaths = (
			);
			runOnlyForDeploymentPostprocessing = 0;
			shellPath = /bin/sh;
			shellScript = "diff \"${PODS_ROOT}/../Podfile.lock\" \"${PODS_ROOT}/Manifest.lock\" > /dev/null\nif [ $? != 0 ] ; then\n    # print error to STDERR\n    echo \"error: The sandbox is not in sync with the Podfile.lock. Run 'pod install' or update your CocoaPods installation.\" >&2\n    exit 1\nfi\n";
			showEnvVarsInLog = 0;
		};
		FE593071B56C40A4828CAAC8 /* [CP] Copy Pods Resources */ = {
			isa = PBXShellScriptBuildPhase;
			buildActionMask = 2147483647;
			files = (
			);
			inputPaths = (
			);
			name = "[CP] Copy Pods Resources";
			outputPaths = (
			);
			runOnlyForDeploymentPostprocessing = 0;
			shellPath = /bin/sh;
			shellScript = "\"${SRCROOT}/Pods/Target Support Files/Pods-MyThirdIos/Pods-MyThirdIos-resources.sh\"\n";
			showEnvVarsInLog = 0;
		};
/* End PBXShellScriptBuildPhase section */

/* Begin PBXSourcesBuildPhase section */
		6FEE47E91E2DE5DA0079DA27 /* Sources */ = {
			isa = PBXSourcesBuildPhase;
			buildActionMask = 2147483647;
			files = (
				6FEE47FF1E2DE6780079DA27 /* Wizard.m in Sources */,
				6FEE47FC1E2DE6250079DA27 /* Warrior.m in Sources */,
				6FEE47F91E2DE5FA0079DA27 /* Person.m in Sources */,
				6FEE47F11E2DE5DA0079DA27 /* main.m in Sources */,
			);
			runOnlyForDeploymentPostprocessing = 0;
		};
/* End PBXSourcesBuildPhase section */

/* Begin XCBuildConfiguration section */
		6FEE47F21E2DE5DA0079DA27 /* Debug */ = {
			isa = XCBuildConfiguration;
			buildSettings = {
				ALWAYS_SEARCH_USER_PATHS = NO;
				CLANG_ANALYZER_NONNULL = YES;
				CLANG_CXX_LANGUAGE_STANDARD = "gnu++0x";
				CLANG_CXX_LIBRARY = "libc++";
				CLANG_ENABLE_MODULES = YES;
				CLANG_ENABLE_OBJC_ARC = YES;
				CLANG_WARN_BOOL_CONVERSION = YES;
				CLANG_WARN_CONSTANT_CONVERSION = YES;
				CLANG_WARN_DIRECT_OBJC_ISA_USAGE = YES_ERROR;
				CLANG_WARN_DOCUMENTATION_COMMENTS = YES;
				CLANG_WARN_EMPTY_BODY = YES;
				CLANG_WARN_ENUM_CONVERSION = YES;
				CLANG_WARN_INFINITE_RECURSION = YES;
				CLANG_WARN_INT_CONVERSION = YES;
				CLANG_WARN_OBJC_ROOT_CLASS = YES_ERROR;
				CLANG_WARN_SUSPICIOUS_MOVE = YES;
				CLANG_WARN_UNREACHABLE_CODE = YES;
				CLANG_WARN__DUPLICATE_METHOD_MATCH = YES;
				CODE_SIGN_IDENTITY = "-";
				COPY_PHASE_STRIP = NO;
				DEBUG_INFORMATION_FORMAT = dwarf;
				ENABLE_STRICT_OBJC_MSGSEND = YES;
				ENABLE_TESTABILITY = YES;
				GCC_C_LANGUAGE_STANDARD = gnu99;
				GCC_DYNAMIC_NO_PIC = NO;
				GCC_NO_COMMON_BLOCKS = YES;
				GCC_OPTIMIZATION_LEVEL = 0;
				GCC_PREPROCESSOR_DEFINITIONS = (
					"DEBUG=1",
					"$(inherited)",
				);
				GCC_WARN_64_TO_32_BIT_CONVERSION = YES;
				GCC_WARN_ABOUT_RETURN_TYPE = YES_ERROR;
				GCC_WARN_UNDECLARED_SELECTOR = YES;
				GCC_WARN_UNINITIALIZED_AUTOS = YES_AGGRESSIVE;
				GCC_WARN_UNUSED_FUNCTION = YES;
				GCC_WARN_UNUSED_VARIABLE = YES;
				MACOSX_DEPLOYMENT_TARGET = 10.12;
				MTL_ENABLE_DEBUG_INFO = YES;
				ONLY_ACTIVE_ARCH = YES;
				SDKROOT = macosx;
			};
			name = Debug;
		};
		6FEE47F31E2DE5DA0079DA27 /* Release */ = {
			isa = XCBuildConfiguration;
			buildSettings = {
				ALWAYS_SEARCH_USER_PATHS = NO;
				CLANG_ANALYZER_NONNULL = YES;
				CLANG_CXX_LANGUAGE_STANDARD = "gnu++0x";
				CLANG_CXX_LIBRARY = "libc++";
				CLANG_ENABLE_MODULES = YES;
				CLANG_ENABLE_OBJC_ARC = YES;
				CLANG_WARN_BOOL_CONVERSION = YES;
				CLANG_WARN_CONSTANT_CONVERSION = YES;
				CLANG_WARN_DIRECT_OBJC_ISA_USAGE = YES_ERROR;
				CLANG_WARN_DOCUMENTATION_COMMENTS = YES;
				CLANG_WARN_EMPTY_BODY = YES;
				CLANG_WARN_ENUM_CONVERSION = YES;
				CLANG_WARN_INFINITE_RECURSION = YES;
				CLANG_WARN_INT_CONVERSION = YES;
				CLANG_WARN_OBJC_ROOT_CLASS = YES_ERROR;
				CLANG_WARN_SUSPICIOUS_MOVE = YES;
				CLANG_WARN_UNREACHABLE_CODE = YES;
				CLANG_WARN__DUPLICATE_METHOD_MATCH = YES;
				CODE_SIGN_IDENTITY = "-";
				COPY_PHASE_STRIP = NO;
				DEBUG_INFORMATION_FORMAT = "dwarf-with-dsym";
				ENABLE_NS_ASSERTIONS = NO;
				ENABLE_STRICT_OBJC_MSGSEND = YES;
				GCC_C_LANGUAGE_STANDARD = gnu99;
				GCC_NO_COMMON_BLOCKS = YES;
				GCC_WARN_64_TO_32_BIT_CONVERSION = YES;
				GCC_WARN_ABOUT_RETURN_TYPE = YES_ERROR;
				GCC_WARN_UNDECLARED_SELECTOR = YES;
				GCC_WARN_UNINITIALIZED_AUTOS = YES_AGGRESSIVE;
				GCC_WARN_UNUSED_FUNCTION = YES;
				GCC_WARN_UNUSED_VARIABLE = YES;
				MACOSX_DEPLOYMENT_TARGET = 10.12;
				MTL_ENABLE_DEBUG_INFO = NO;
				SDKROOT = macosx;
			};
			name = Release;
		};
		6FEE47F51E2DE5DA0079DA27 /* Debug */ = {
			isa = XCBuildConfiguration;
			baseConfigurationReference = 3FE226840ED3CC3D1DFFBF27 /* Pods-MyThirdIos.debug.xcconfig */;
			buildSettings = {
				PRODUCT_NAME = "$(TARGET_NAME)";
			};
			name = Debug;
		};
		6FEE47F61E2DE5DA0079DA27 /* Release */ = {
			isa = XCBuildConfiguration;
			baseConfigurationReference = E04B896968A98797C0104E09 /* Pods-MyThirdIos.release.xcconfig */;
			buildSettings = {
				PRODUCT_NAME = "$(TARGET_NAME)";
			};
			name = Release;
		};
/* End XCBuildConfiguration section */

/* Begin XCConfigurationList section */
		6FEE47E81E2DE5DA0079DA27 /* Build configuration list for PBXProject "MyThirdIos" */ = {
			isa = XCConfigurationList;
			buildConfigurations = (
				6FEE47F21E2DE5DA0079DA27 /* Debug */,
				6FEE47F31E2DE5DA0079DA27 /* Release */,
			);
			defaultConfigurationIsVisible = 0;
			defaultConfigurationName = Release;
		};
		6FEE47F41E2DE5DA0079DA27 /* Build configuration list for PBXNativeTarget "MyThirdIos" */ = {
			isa = XCConfigurationList;
			buildConfigurations = (
				6FEE47F51E2DE5DA0079DA27 /* Debug */,
				6FEE47F61E2DE5DA0079DA27 /* Release */,
			);
			defaultConfigurationIsVisible = 0;
		};
/* End XCConfigurationList section */
	};
	rootObject = 6FEE47E51E2DE5DA0079DA27 /* Project object */;
}
