// !$*UTF8*$!
{
	archiveVersion = 1;
	classes = {
	};
	objectVersion = 46;
	objects = {

/* Begin PBXBuildFile section */
		03BAC81BD2A2572069D1726D /* libPods-NetworkMiniProject.a in Frameworks */ = {isa = PBXBuildFile; fileRef = 23424CEA3D3D1DB67CEE19A0 /* libPods-NetworkMiniProject.a */; };
		6F2B5A151E79B09D0007B29B /* main.m in Sources */ = {isa = PBXBuildFile; fileRef = 6F2B5A141E79B09D0007B29B /* main.m */; };
		6F2B5A181E79B09D0007B29B /* AppDelegate.m in Sources */ = {isa = PBXBuildFile; fileRef = 6F2B5A171E79B09D0007B29B /* AppDelegate.m */; };
		6F2B5A1B1E79B09D0007B29B /* ViewController.m in Sources */ = {isa = PBXBuildFile; fileRef = 6F2B5A1A1E79B09D0007B29B /* ViewController.m */; };
		6F2B5A1E1E79B09D0007B29B /* Main.storyboard in Resources */ = {isa = PBXBuildFile; fileRef = 6F2B5A1C1E79B09D0007B29B /* Main.storyboard */; };
		6F2B5A201E79B09D0007B29B /* Assets.xcassets in Resources */ = {isa = PBXBuildFile; fileRef = 6F2B5A1F1E79B09D0007B29B /* Assets.xcassets */; };
		6F2B5A231E79B09D0007B29B /* LaunchScreen.storyboard in Resources */ = {isa = PBXBuildFile; fileRef = 6F2B5A211E79B09D0007B29B /* LaunchScreen.storyboard */; };
		6F2B5A2C1E79B0B70007B29B /* DataCenter.m in Sources */ = {isa = PBXBuildFile; fileRef = 6F2B5A2B1E79B0B70007B29B /* DataCenter.m */; };
		6F2B5A2F1E79B0D00007B29B /* NetworkManager.m in Sources */ = {isa = PBXBuildFile; fileRef = 6F2B5A2E1E79B0D00007B29B /* NetworkManager.m */; };
		6F2B5A321E79B2930007B29B /* SettingViewController.m in Sources */ = {isa = PBXBuildFile; fileRef = 6F2B5A311E79B2930007B29B /* SettingViewController.m */; };
		6F2B5A351E79B3650007B29B /* AppMainViewController.m in Sources */ = {isa = PBXBuildFile; fileRef = 6F2B5A341E79B3650007B29B /* AppMainViewController.m */; };
		6FE82FB61E7A657300B84C15 /* JoinViewController.m in Sources */ = {isa = PBXBuildFile; fileRef = 6FE82FB51E7A657300B84C15 /* JoinViewController.m */; };
		6FE82FB91E7A90AA00B84C15 /* BoardTableViewCell.m in Sources */ = {isa = PBXBuildFile; fileRef = 6FE82FB81E7A90AA00B84C15 /* BoardTableViewCell.m */; };
/* End PBXBuildFile section */

/* Begin PBXFileReference section */
		1ED21129ABD5546D0374C0D3 /* Pods-NetworkMiniProject.release.xcconfig */ = {isa = PBXFileReference; includeInIndex = 1; lastKnownFileType = text.xcconfig; name = "Pods-NetworkMiniProject.release.xcconfig"; path = "Pods/Target Support Files/Pods-NetworkMiniProject/Pods-NetworkMiniProject.release.xcconfig"; sourceTree = "<group>"; };
		23424CEA3D3D1DB67CEE19A0 /* libPods-NetworkMiniProject.a */ = {isa = PBXFileReference; explicitFileType = archive.ar; includeInIndex = 0; path = "libPods-NetworkMiniProject.a"; sourceTree = BUILT_PRODUCTS_DIR; };
		6F2B5A101E79B09D0007B29B /* NetworkMiniProject.app */ = {isa = PBXFileReference; explicitFileType = wrapper.application; includeInIndex = 0; path = NetworkMiniProject.app; sourceTree = BUILT_PRODUCTS_DIR; };
		6F2B5A141E79B09D0007B29B /* main.m */ = {isa = PBXFileReference; lastKnownFileType = sourcecode.c.objc; path = main.m; sourceTree = "<group>"; };
		6F2B5A161E79B09D0007B29B /* AppDelegate.h */ = {isa = PBXFileReference; lastKnownFileType = sourcecode.c.h; path = AppDelegate.h; sourceTree = "<group>"; };
		6F2B5A171E79B09D0007B29B /* AppDelegate.m */ = {isa = PBXFileReference; lastKnownFileType = sourcecode.c.objc; path = AppDelegate.m; sourceTree = "<group>"; };
		6F2B5A191E79B09D0007B29B /* ViewController.h */ = {isa = PBXFileReference; lastKnownFileType = sourcecode.c.h; path = ViewController.h; sourceTree = "<group>"; };
		6F2B5A1A1E79B09D0007B29B /* ViewController.m */ = {isa = PBXFileReference; lastKnownFileType = sourcecode.c.objc; path = ViewController.m; sourceTree = "<group>"; };
		6F2B5A1D1E79B09D0007B29B /* Base */ = {isa = PBXFileReference; lastKnownFileType = file.storyboard; name = Base; path = Base.lproj/Main.storyboard; sourceTree = "<group>"; };
		6F2B5A1F1E79B09D0007B29B /* Assets.xcassets */ = {isa = PBXFileReference; lastKnownFileType = folder.assetcatalog; path = Assets.xcassets; sourceTree = "<group>"; };
		6F2B5A221E79B09D0007B29B /* Base */ = {isa = PBXFileReference; lastKnownFileType = file.storyboard; name = Base; path = Base.lproj/LaunchScreen.storyboard; sourceTree = "<group>"; };
		6F2B5A241E79B09D0007B29B /* Info.plist */ = {isa = PBXFileReference; lastKnownFileType = text.plist.xml; path = Info.plist; sourceTree = "<group>"; };
		6F2B5A2A1E79B0B70007B29B /* DataCenter.h */ = {isa = PBXFileReference; fileEncoding = 4; lastKnownFileType = sourcecode.c.h; path = DataCenter.h; sourceTree = "<group>"; };
		6F2B5A2B1E79B0B70007B29B /* DataCenter.m */ = {isa = PBXFileReference; fileEncoding = 4; lastKnownFileType = sourcecode.c.objc; path = DataCenter.m; sourceTree = "<group>"; };
		6F2B5A2D1E79B0D00007B29B /* NetworkManager.h */ = {isa = PBXFileReference; fileEncoding = 4; lastKnownFileType = sourcecode.c.h; path = NetworkManager.h; sourceTree = "<group>"; };
		6F2B5A2E1E79B0D00007B29B /* NetworkManager.m */ = {isa = PBXFileReference; fileEncoding = 4; lastKnownFileType = sourcecode.c.objc; path = NetworkManager.m; sourceTree = "<group>"; };
		6F2B5A301E79B2930007B29B /* SettingViewController.h */ = {isa = PBXFileReference; fileEncoding = 4; lastKnownFileType = sourcecode.c.h; path = SettingViewController.h; sourceTree = "<group>"; };
		6F2B5A311E79B2930007B29B /* SettingViewController.m */ = {isa = PBXFileReference; fileEncoding = 4; lastKnownFileType = sourcecode.c.objc; path = SettingViewController.m; sourceTree = "<group>"; };
		6F2B5A331E79B3650007B29B /* AppMainViewController.h */ = {isa = PBXFileReference; fileEncoding = 4; lastKnownFileType = sourcecode.c.h; path = AppMainViewController.h; sourceTree = "<group>"; };
		6F2B5A341E79B3650007B29B /* AppMainViewController.m */ = {isa = PBXFileReference; fileEncoding = 4; lastKnownFileType = sourcecode.c.objc; path = AppMainViewController.m; sourceTree = "<group>"; };
		6FE82FB41E7A657300B84C15 /* JoinViewController.h */ = {isa = PBXFileReference; fileEncoding = 4; lastKnownFileType = sourcecode.c.h; path = JoinViewController.h; sourceTree = "<group>"; };
		6FE82FB51E7A657300B84C15 /* JoinViewController.m */ = {isa = PBXFileReference; fileEncoding = 4; lastKnownFileType = sourcecode.c.objc; path = JoinViewController.m; sourceTree = "<group>"; };
		6FE82FB71E7A90AA00B84C15 /* BoardTableViewCell.h */ = {isa = PBXFileReference; fileEncoding = 4; lastKnownFileType = sourcecode.c.h; path = BoardTableViewCell.h; sourceTree = "<group>"; };
		6FE82FB81E7A90AA00B84C15 /* BoardTableViewCell.m */ = {isa = PBXFileReference; fileEncoding = 4; lastKnownFileType = sourcecode.c.objc; path = BoardTableViewCell.m; sourceTree = "<group>"; };
		871DAC3178C31FDA1E210D1C /* Pods-NetworkMiniProject.debug.xcconfig */ = {isa = PBXFileReference; includeInIndex = 1; lastKnownFileType = text.xcconfig; name = "Pods-NetworkMiniProject.debug.xcconfig"; path = "Pods/Target Support Files/Pods-NetworkMiniProject/Pods-NetworkMiniProject.debug.xcconfig"; sourceTree = "<group>"; };
/* End PBXFileReference section */

/* Begin PBXFrameworksBuildPhase section */
		6F2B5A0D1E79B09D0007B29B /* Frameworks */ = {
			isa = PBXFrameworksBuildPhase;
			buildActionMask = 2147483647;
			files = (
				03BAC81BD2A2572069D1726D /* libPods-NetworkMiniProject.a in Frameworks */,
			);
			runOnlyForDeploymentPostprocessing = 0;
		};
/* End PBXFrameworksBuildPhase section */

/* Begin PBXGroup section */
		6F2B5A071E79B09D0007B29B = {
			isa = PBXGroup;
			children = (
				6F2B5A121E79B09D0007B29B /* NetworkMiniProject */,
				6F2B5A111E79B09D0007B29B /* Products */,
				DAD9E16310FA3DB27F419B33 /* Pods */,
				BF7E7FFD02A731F72F657D0C /* Frameworks */,
			);
			sourceTree = "<group>";
		};
		6F2B5A111E79B09D0007B29B /* Products */ = {
			isa = PBXGroup;
			children = (
				6F2B5A101E79B09D0007B29B /* NetworkMiniProject.app */,
			);
			name = Products;
			sourceTree = "<group>";
		};
		6F2B5A121E79B09D0007B29B /* NetworkMiniProject */ = {
			isa = PBXGroup;
			children = (
				6F2B5A161E79B09D0007B29B /* AppDelegate.h */,
				6F2B5A171E79B09D0007B29B /* AppDelegate.m */,
				6F2B5A191E79B09D0007B29B /* ViewController.h */,
				6F2B5A1A1E79B09D0007B29B /* ViewController.m */,
				6F2B5A2A1E79B0B70007B29B /* DataCenter.h */,
				6F2B5A2B1E79B0B70007B29B /* DataCenter.m */,
				6F2B5A2D1E79B0D00007B29B /* NetworkManager.h */,
				6F2B5A2E1E79B0D00007B29B /* NetworkManager.m */,
				6F2B5A301E79B2930007B29B /* SettingViewController.h */,
				6F2B5A311E79B2930007B29B /* SettingViewController.m */,
				6F2B5A331E79B3650007B29B /* AppMainViewController.h */,
				6F2B5A341E79B3650007B29B /* AppMainViewController.m */,
				6FE82FB41E7A657300B84C15 /* JoinViewController.h */,
				6FE82FB51E7A657300B84C15 /* JoinViewController.m */,
				6FE82FB71E7A90AA00B84C15 /* BoardTableViewCell.h */,
				6FE82FB81E7A90AA00B84C15 /* BoardTableViewCell.m */,
				6F2B5A1C1E79B09D0007B29B /* Main.storyboard */,
				6F2B5A1F1E79B09D0007B29B /* Assets.xcassets */,
				6F2B5A211E79B09D0007B29B /* LaunchScreen.storyboard */,
				6F2B5A241E79B09D0007B29B /* Info.plist */,
				6F2B5A131E79B09D0007B29B /* Supporting Files */,
			);
			path = NetworkMiniProject;
			sourceTree = "<group>";
		};
		6F2B5A131E79B09D0007B29B /* Supporting Files */ = {
			isa = PBXGroup;
			children = (
				6F2B5A141E79B09D0007B29B /* main.m */,
			);
			name = "Supporting Files";
			sourceTree = "<group>";
		};
		BF7E7FFD02A731F72F657D0C /* Frameworks */ = {
			isa = PBXGroup;
			children = (
				23424CEA3D3D1DB67CEE19A0 /* libPods-NetworkMiniProject.a */,
			);
			name = Frameworks;
			sourceTree = "<group>";
		};
		DAD9E16310FA3DB27F419B33 /* Pods */ = {
			isa = PBXGroup;
			children = (
				871DAC3178C31FDA1E210D1C /* Pods-NetworkMiniProject.debug.xcconfig */,
				1ED21129ABD5546D0374C0D3 /* Pods-NetworkMiniProject.release.xcconfig */,
			);
			name = Pods;
			sourceTree = "<group>";
		};
/* End PBXGroup section */

/* Begin PBXNativeTarget section */
		6F2B5A0F1E79B09D0007B29B /* NetworkMiniProject */ = {
			isa = PBXNativeTarget;
			buildConfigurationList = 6F2B5A271E79B09D0007B29B /* Build configuration list for PBXNativeTarget "NetworkMiniProject" */;
			buildPhases = (
				5F5605694641C2A5612AB173 /* [CP] Check Pods Manifest.lock */,
				6F2B5A0C1E79B09D0007B29B /* Sources */,
				6F2B5A0D1E79B09D0007B29B /* Frameworks */,
				6F2B5A0E1E79B09D0007B29B /* Resources */,
				16EE9725FDC1AEFEB0410B43 /* [CP] Embed Pods Frameworks */,
				8123E7C8615E9197A172F84D /* [CP] Copy Pods Resources */,
			);
			buildRules = (
			);
			dependencies = (
			);
			name = NetworkMiniProject;
			productName = NetworkMiniProject;
			productReference = 6F2B5A101E79B09D0007B29B /* NetworkMiniProject.app */;
			productType = "com.apple.product-type.application";
		};
/* End PBXNativeTarget section */

/* Begin PBXProject section */
		6F2B5A081E79B09D0007B29B /* Project object */ = {
			isa = PBXProject;
			attributes = {
				LastUpgradeCheck = 0820;
				ORGANIZATIONNAME = YoungsooHan;
				TargetAttributes = {
					6F2B5A0F1E79B09D0007B29B = {
						CreatedOnToolsVersion = 8.2.1;
						DevelopmentTeam = 5AF2J46QXC;
						ProvisioningStyle = Automatic;
					};
				};
			};
			buildConfigurationList = 6F2B5A0B1E79B09D0007B29B /* Build configuration list for PBXProject "NetworkMiniProject" */;
			compatibilityVersion = "Xcode 3.2";
			developmentRegion = English;
			hasScannedForEncodings = 0;
			knownRegions = (
				en,
				Base,
			);
			mainGroup = 6F2B5A071E79B09D0007B29B;
			productRefGroup = 6F2B5A111E79B09D0007B29B /* Products */;
			projectDirPath = "";
			projectRoot = "";
			targets = (
				6F2B5A0F1E79B09D0007B29B /* NetworkMiniProject */,
			);
		};
/* End PBXProject section */

/* Begin PBXResourcesBuildPhase section */
		6F2B5A0E1E79B09D0007B29B /* Resources */ = {
			isa = PBXResourcesBuildPhase;
			buildActionMask = 2147483647;
			files = (
				6F2B5A231E79B09D0007B29B /* LaunchScreen.storyboard in Resources */,
				6F2B5A201E79B09D0007B29B /* Assets.xcassets in Resources */,
				6F2B5A1E1E79B09D0007B29B /* Main.storyboard in Resources */,
			);
			runOnlyForDeploymentPostprocessing = 0;
		};
/* End PBXResourcesBuildPhase section */

/* Begin PBXShellScriptBuildPhase section */
		16EE9725FDC1AEFEB0410B43 /* [CP] Embed Pods Frameworks */ = {
			isa = PBXShellScriptBuildPhase;
			buildActionMask = 2147483647;
			files = (
			);
			inputPaths = (
			);
			name = "[CP] Embed Pods Frameworks";
			outputPaths = (
			);
			runOnlyForDeploymentPostprocessing = 0;
			shellPath = /bin/sh;
			shellScript = "\"${SRCROOT}/Pods/Target Support Files/Pods-NetworkMiniProject/Pods-NetworkMiniProject-frameworks.sh\"\n";
			showEnvVarsInLog = 0;
		};
		5F5605694641C2A5612AB173 /* [CP] Check Pods Manifest.lock */ = {
			isa = PBXShellScriptBuildPhase;
			buildActionMask = 2147483647;
			files = (
			);
			inputPaths = (
			);
			name = "[CP] Check Pods Manifest.lock";
			outputPaths = (
			);
			runOnlyForDeploymentPostprocessing = 0;
			shellPath = /bin/sh;
			shellScript = "diff \"${PODS_ROOT}/../Podfile.lock\" \"${PODS_ROOT}/Manifest.lock\" > /dev/null\nif [ $? != 0 ] ; then\n    # print error to STDERR\n    echo \"error: The sandbox is not in sync with the Podfile.lock. Run 'pod install' or update your CocoaPods installation.\" >&2\n    exit 1\nfi\n";
			showEnvVarsInLog = 0;
		};
		8123E7C8615E9197A172F84D /* [CP] Copy Pods Resources */ = {
			isa = PBXShellScriptBuildPhase;
			buildActionMask = 2147483647;
			files = (
			);
			inputPaths = (
			);
			name = "[CP] Copy Pods Resources";
			outputPaths = (
			);
			runOnlyForDeploymentPostprocessing = 0;
			shellPath = /bin/sh;
			shellScript = "\"${SRCROOT}/Pods/Target Support Files/Pods-NetworkMiniProject/Pods-NetworkMiniProject-resources.sh\"\n";
			showEnvVarsInLog = 0;
		};
/* End PBXShellScriptBuildPhase section */

/* Begin PBXSourcesBuildPhase section */
		6F2B5A0C1E79B09D0007B29B /* Sources */ = {
			isa = PBXSourcesBuildPhase;
			buildActionMask = 2147483647;
			files = (
				6F2B5A1B1E79B09D0007B29B /* ViewController.m in Sources */,
				6F2B5A181E79B09D0007B29B /* AppDelegate.m in Sources */,
				6F2B5A2C1E79B0B70007B29B /* DataCenter.m in Sources */,
				6F2B5A2F1E79B0D00007B29B /* NetworkManager.m in Sources */,
				6F2B5A351E79B3650007B29B /* AppMainViewController.m in Sources */,
				6F2B5A151E79B09D0007B29B /* main.m in Sources */,
				6FE82FB91E7A90AA00B84C15 /* BoardTableViewCell.m in Sources */,
				6FE82FB61E7A657300B84C15 /* JoinViewController.m in Sources */,
				6F2B5A321E79B2930007B29B /* SettingViewController.m in Sources */,
			);
			runOnlyForDeploymentPostprocessing = 0;
		};
/* End PBXSourcesBuildPhase section */

/* Begin PBXVariantGroup section */
		6F2B5A1C1E79B09D0007B29B /* Main.storyboard */ = {
			isa = PBXVariantGroup;
			children = (
				6F2B5A1D1E79B09D0007B29B /* Base */,
			);
			name = Main.storyboard;
			sourceTree = "<group>";
		};
		6F2B5A211E79B09D0007B29B /* LaunchScreen.storyboard */ = {
			isa = PBXVariantGroup;
			children = (
				6F2B5A221E79B09D0007B29B /* Base */,
			);
			name = LaunchScreen.storyboard;
			sourceTree = "<group>";
		};
/* End PBXVariantGroup section */

/* Begin XCBuildConfiguration section */
		6F2B5A251E79B09D0007B29B /* Debug */ = {
			isa = XCBuildConfiguration;
			buildSettings = {
				ALWAYS_SEARCH_USER_PATHS = NO;
				CLANG_ANALYZER_NONNULL = YES;
				CLANG_CXX_LANGUAGE_STANDARD = "gnu++0x";
				CLANG_CXX_LIBRARY = "libc++";
				CLANG_ENABLE_MODULES = YES;
				CLANG_ENABLE_OBJC_ARC = YES;
				CLANG_WARN_BOOL_CONVERSION = YES;
				CLANG_WARN_CONSTANT_CONVERSION = YES;
				CLANG_WARN_DIRECT_OBJC_ISA_USAGE = YES_ERROR;
				CLANG_WARN_DOCUMENTATION_COMMENTS = YES;
				CLANG_WARN_EMPTY_BODY = YES;
				CLANG_WARN_ENUM_CONVERSION = YES;
				CLANG_WARN_INFINITE_RECURSION = YES;
				CLANG_WARN_INT_CONVERSION = YES;
				CLANG_WARN_OBJC_ROOT_CLASS = YES_ERROR;
				CLANG_WARN_SUSPICIOUS_MOVE = YES;
				CLANG_WARN_UNREACHABLE_CODE = YES;
				CLANG_WARN__DUPLICATE_METHOD_MATCH = YES;
				"CODE_SIGN_IDENTITY[sdk=iphoneos*]" = "iPhone Developer";
				COPY_PHASE_STRIP = NO;
				DEBUG_INFORMATION_FORMAT = dwarf;
				ENABLE_STRICT_OBJC_MSGSEND = YES;
				ENABLE_TESTABILITY = YES;
				GCC_C_LANGUAGE_STANDARD = gnu99;
				GCC_DYNAMIC_NO_PIC = NO;
				GCC_NO_COMMON_BLOCKS = YES;
				GCC_OPTIMIZATION_LEVEL = 0;
				GCC_PREPROCESSOR_DEFINITIONS = (
					"DEBUG=1",
					"$(inherited)",
				);
				GCC_WARN_64_TO_32_BIT_CONVERSION = YES;
				GCC_WARN_ABOUT_RETURN_TYPE = YES_ERROR;
				GCC_WARN_UNDECLARED_SELECTOR = YES;
				GCC_WARN_UNINITIALIZED_AUTOS = YES_AGGRESSIVE;
				GCC_WARN_UNUSED_FUNCTION = YES;
				GCC_WARN_UNUSED_VARIABLE = YES;
				IPHONEOS_DEPLOYMENT_TARGET = 10.2;
				MTL_ENABLE_DEBUG_INFO = YES;
				ONLY_ACTIVE_ARCH = YES;
				SDKROOT = iphoneos;
			};
			name = Debug;
		};
		6F2B5A261E79B09D0007B29B /* Release */ = {
			isa = XCBuildConfiguration;
			buildSettings = {
				ALWAYS_SEARCH_USER_PATHS = NO;
				CLANG_ANALYZER_NONNULL = YES;
				CLANG_CXX_LANGUAGE_STANDARD = "gnu++0x";
				CLANG_CXX_LIBRARY = "libc++";
				CLANG_ENABLE_MODULES = YES;
				CLANG_ENABLE_OBJC_ARC = YES;
				CLANG_WARN_BOOL_CONVERSION = YES;
				CLANG_WARN_CONSTANT_CONVERSION = YES;
				CLANG_WARN_DIRECT_OBJC_ISA_USAGE = YES_ERROR;
				CLANG_WARN_DOCUMENTATION_COMMENTS = YES;
				CLANG_WARN_EMPTY_BODY = YES;
				CLANG_WARN_ENUM_CONVERSION = YES;
				CLANG_WARN_INFINITE_RECURSION = YES;
				CLANG_WARN_INT_CONVERSION = YES;
				CLANG_WARN_OBJC_ROOT_CLASS = YES_ERROR;
				CLANG_WARN_SUSPICIOUS_MOVE = YES;
				CLANG_WARN_UNREACHABLE_CODE = YES;
				CLANG_WARN__DUPLICATE_METHOD_MATCH = YES;
				"CODE_SIGN_IDENTITY[sdk=iphoneos*]" = "iPhone Developer";
				COPY_PHASE_STRIP = NO;
				DEBUG_INFORMATION_FORMAT = "dwarf-with-dsym";
				ENABLE_NS_ASSERTIONS = NO;
				ENABLE_STRICT_OBJC_MSGSEND = YES;
				GCC_C_LANGUAGE_STANDARD = gnu99;
				GCC_NO_COMMON_BLOCKS = YES;
				GCC_WARN_64_TO_32_BIT_CONVERSION = YES;
				GCC_WARN_ABOUT_RETURN_TYPE = YES_ERROR;
				GCC_WARN_UNDECLARED_SELECTOR = YES;
				GCC_WARN_UNINITIALIZED_AUTOS = YES_AGGRESSIVE;
				GCC_WARN_UNUSED_FUNCTION = YES;
				GCC_WARN_UNUSED_VARIABLE = YES;
				IPHONEOS_DEPLOYMENT_TARGET = 10.2;
				MTL_ENABLE_DEBUG_INFO = NO;
				SDKROOT = iphoneos;
				VALIDATE_PRODUCT = YES;
			};
			name = Release;
		};
		6F2B5A281E79B09D0007B29B /* Debug */ = {
			isa = XCBuildConfiguration;
			baseConfigurationReference = 871DAC3178C31FDA1E210D1C /* Pods-NetworkMiniProject.debug.xcconfig */;
			buildSettings = {
				ASSETCATALOG_COMPILER_APPICON_NAME = AppIcon;
				DEVELOPMENT_TEAM = 5AF2J46QXC;
				INFOPLIST_FILE = NetworkMiniProject/Info.plist;
				LD_RUNPATH_SEARCH_PATHS = "$(inherited) @executable_path/Frameworks";
				PRODUCT_BUNDLE_IDENTIFIER = com.hys.developer.NetworkMiniProject;
				PRODUCT_NAME = "$(TARGET_NAME)";
			};
			name = Debug;
		};
		6F2B5A291E79B09D0007B29B /* Release */ = {
			isa = XCBuildConfiguration;
			baseConfigurationReference = 1ED21129ABD5546D0374C0D3 /* Pods-NetworkMiniProject.release.xcconfig */;
			buildSettings = {
				ASSETCATALOG_COMPILER_APPICON_NAME = AppIcon;
				DEVELOPMENT_TEAM = 5AF2J46QXC;
				INFOPLIST_FILE = NetworkMiniProject/Info.plist;
				LD_RUNPATH_SEARCH_PATHS = "$(inherited) @executable_path/Frameworks";
				PRODUCT_BUNDLE_IDENTIFIER = com.hys.developer.NetworkMiniProject;
				PRODUCT_NAME = "$(TARGET_NAME)";
			};
			name = Release;
		};
/* End XCBuildConfiguration section */

/* Begin XCConfigurationList section */
		6F2B5A0B1E79B09D0007B29B /* Build configuration list for PBXProject "NetworkMiniProject" */ = {
			isa = XCConfigurationList;
			buildConfigurations = (
				6F2B5A251E79B09D0007B29B /* Debug */,
				6F2B5A261E79B09D0007B29B /* Release */,
			);
			defaultConfigurationIsVisible = 0;
			defaultConfigurationName = Release;
		};
		6F2B5A271E79B09D0007B29B /* Build configuration list for PBXNativeTarget "NetworkMiniProject" */ = {
			isa = XCConfigurationList;
			buildConfigurations = (
				6F2B5A281E79B09D0007B29B /* Debug */,
				6F2B5A291E79B09D0007B29B /* Release */,
			);
			defaultConfigurationIsVisible = 0;
			defaultConfigurationName = Release;
		};
/* End XCConfigurationList section */
	};
	rootObject = 6F2B5A081E79B09D0007B29B /* Project object */;
}
