// !$*UTF8*$!
{
	archiveVersion = 1;
	classes = {
	};
	objectVersion = 46;
	objects = {

/* Begin PBXBuildFile section */
		6F12A9971E30598700AC8191 /* GameCharactor.m in Sources */ = {isa = PBXBuildFile; fileRef = 6F12A9961E30598700AC8191 /* GameCharactor.m */; };
		6F12A99D1E3059A900AC8191 /* Human.m in Sources */ = {isa = PBXBuildFile; fileRef = 6F12A99C1E3059A900AC8191 /* Human.m */; };
		6F12A9A31E305ECD00AC8191 /* Elf.m in Sources */ = {isa = PBXBuildFile; fileRef = 6F12A9A21E305ECD00AC8191 /* Elf.m */; };
		6F12A9A61E30618D00AC8191 /* Person.m in Sources */ = {isa = PBXBuildFile; fileRef = 6F12A9A51E30618D00AC8191 /* Person.m */; };
		6F12A9A91E3061FD00AC8191 /* Student.m in Sources */ = {isa = PBXBuildFile; fileRef = 6F12A9A81E3061FD00AC8191 /* Student.m */; };
		6F12A9AC1E30622400AC8191 /* UnivStudent.m in Sources */ = {isa = PBXBuildFile; fileRef = 6F12A9AB1E30622400AC8191 /* UnivStudent.m */; };
		6F671FDB1E2F683E00AC926C /* main.m in Sources */ = {isa = PBXBuildFile; fileRef = 6F671FDA1E2F683E00AC926C /* main.m */; };
/* End PBXBuildFile section */

/* Begin PBXCopyFilesBuildPhase section */
		6F671FD51E2F683E00AC926C /* CopyFiles */ = {
			isa = PBXCopyFilesBuildPhase;
			buildActionMask = 2147483647;
			dstPath = /usr/share/man/man1/;
			dstSubfolderSpec = 0;
			files = (
			);
			runOnlyForDeploymentPostprocessing = 1;
		};
/* End PBXCopyFilesBuildPhase section */

/* Begin PBXFileReference section */
		6F12A9951E30598700AC8191 /* GameCharactor.h */ = {isa = PBXFileReference; fileEncoding = 4; lastKnownFileType = sourcecode.c.h; path = GameCharactor.h; sourceTree = "<group>"; };
		6F12A9961E30598700AC8191 /* GameCharactor.m */ = {isa = PBXFileReference; fileEncoding = 4; lastKnownFileType = sourcecode.c.objc; path = GameCharactor.m; sourceTree = "<group>"; };
		6F12A99B1E3059A900AC8191 /* Human.h */ = {isa = PBXFileReference; fileEncoding = 4; lastKnownFileType = sourcecode.c.h; path = Human.h; sourceTree = "<group>"; };
		6F12A99C1E3059A900AC8191 /* Human.m */ = {isa = PBXFileReference; fileEncoding = 4; lastKnownFileType = sourcecode.c.objc; path = Human.m; sourceTree = "<group>"; };
		6F12A9A11E305ECD00AC8191 /* Elf.h */ = {isa = PBXFileReference; fileEncoding = 4; lastKnownFileType = sourcecode.c.h; path = Elf.h; sourceTree = "<group>"; };
		6F12A9A21E305ECD00AC8191 /* Elf.m */ = {isa = PBXFileReference; fileEncoding = 4; lastKnownFileType = sourcecode.c.objc; path = Elf.m; sourceTree = "<group>"; };
		6F12A9A41E30618D00AC8191 /* Person.h */ = {isa = PBXFileReference; fileEncoding = 4; lastKnownFileType = sourcecode.c.h; path = Person.h; sourceTree = "<group>"; };
		6F12A9A51E30618D00AC8191 /* Person.m */ = {isa = PBXFileReference; fileEncoding = 4; lastKnownFileType = sourcecode.c.objc; path = Person.m; sourceTree = "<group>"; };
		6F12A9A71E3061FD00AC8191 /* Student.h */ = {isa = PBXFileReference; fileEncoding = 4; lastKnownFileType = sourcecode.c.h; path = Student.h; sourceTree = "<group>"; };
		6F12A9A81E3061FD00AC8191 /* Student.m */ = {isa = PBXFileReference; fileEncoding = 4; lastKnownFileType = sourcecode.c.objc; path = Student.m; sourceTree = "<group>"; };
		6F12A9AA1E30622400AC8191 /* UnivStudent.h */ = {isa = PBXFileReference; fileEncoding = 4; lastKnownFileType = sourcecode.c.h; path = UnivStudent.h; sourceTree = "<group>"; };
		6F12A9AB1E30622400AC8191 /* UnivStudent.m */ = {isa = PBXFileReference; fileEncoding = 4; lastKnownFileType = sourcecode.c.objc; path = UnivStudent.m; sourceTree = "<group>"; };
		6F671FD71E2F683E00AC926C /* MyFourthIosStudy */ = {isa = PBXFileReference; explicitFileType = "compiled.mach-o.executable"; includeInIndex = 0; path = MyFourthIosStudy; sourceTree = BUILT_PRODUCTS_DIR; };
		6F671FDA1E2F683E00AC926C /* main.m */ = {isa = PBXFileReference; lastKnownFileType = sourcecode.c.objc; path = main.m; sourceTree = "<group>"; };
/* End PBXFileReference section */

/* Begin PBXFrameworksBuildPhase section */
		6F671FD41E2F683E00AC926C /* Frameworks */ = {
			isa = PBXFrameworksBuildPhase;
			buildActionMask = 2147483647;
			files = (
			);
			runOnlyForDeploymentPostprocessing = 0;
		};
/* End PBXFrameworksBuildPhase section */

/* Begin PBXGroup section */
		6F671FCE1E2F683E00AC926C = {
			isa = PBXGroup;
			children = (
				6F671FD91E2F683E00AC926C /* MyFourthIosStudy */,
				6F671FD81E2F683E00AC926C /* Products */,
			);
			sourceTree = "<group>";
		};
		6F671FD81E2F683E00AC926C /* Products */ = {
			isa = PBXGroup;
			children = (
				6F671FD71E2F683E00AC926C /* MyFourthIosStudy */,
			);
			name = Products;
			sourceTree = "<group>";
		};
		6F671FD91E2F683E00AC926C /* MyFourthIosStudy */ = {
			isa = PBXGroup;
			children = (
				6F671FDA1E2F683E00AC926C /* main.m */,
				6F12A9A71E3061FD00AC8191 /* Student.h */,
				6F12A9A81E3061FD00AC8191 /* Student.m */,
				6F12A9951E30598700AC8191 /* GameCharactor.h */,
				6F12A9961E30598700AC8191 /* GameCharactor.m */,
				6F12A99B1E3059A900AC8191 /* Human.h */,
				6F12A99C1E3059A900AC8191 /* Human.m */,
				6F12A9A11E305ECD00AC8191 /* Elf.h */,
				6F12A9A21E305ECD00AC8191 /* Elf.m */,
				6F12A9A41E30618D00AC8191 /* Person.h */,
				6F12A9A51E30618D00AC8191 /* Person.m */,
				6F12A9AA1E30622400AC8191 /* UnivStudent.h */,
				6F12A9AB1E30622400AC8191 /* UnivStudent.m */,
			);
			path = MyFourthIosStudy;
			sourceTree = "<group>";
		};
/* End PBXGroup section */

/* Begin PBXNativeTarget section */
		6F671FD61E2F683E00AC926C /* MyFourthIosStudy */ = {
			isa = PBXNativeTarget;
			buildConfigurationList = 6F671FDE1E2F683E00AC926C /* Build configuration list for PBXNativeTarget "MyFourthIosStudy" */;
			buildPhases = (
				6F671FD31E2F683E00AC926C /* Sources */,
				6F671FD41E2F683E00AC926C /* Frameworks */,
				6F671FD51E2F683E00AC926C /* CopyFiles */,
			);
			buildRules = (
			);
			dependencies = (
			);
			name = MyFourthIosStudy;
			productName = MyFourthIosStudy;
			productReference = 6F671FD71E2F683E00AC926C /* MyFourthIosStudy */;
			productType = "com.apple.product-type.tool";
		};
/* End PBXNativeTarget section */

/* Begin PBXProject section */
		6F671FCF1E2F683E00AC926C /* Project object */ = {
			isa = PBXProject;
			attributes = {
				LastUpgradeCheck = 0820;
				ORGANIZATIONNAME = YoungsooHan;
				TargetAttributes = {
					6F671FD61E2F683E00AC926C = {
						CreatedOnToolsVersion = 8.2.1;
						ProvisioningStyle = Automatic;
					};
				};
			};
			buildConfigurationList = 6F671FD21E2F683E00AC926C /* Build configuration list for PBXProject "MyFourthIosStudy" */;
			compatibilityVersion = "Xcode 3.2";
			developmentRegion = English;
			hasScannedForEncodings = 0;
			knownRegions = (
				en,
			);
			mainGroup = 6F671FCE1E2F683E00AC926C;
			productRefGroup = 6F671FD81E2F683E00AC926C /* Products */;
			projectDirPath = "";
			projectRoot = "";
			targets = (
				6F671FD61E2F683E00AC926C /* MyFourthIosStudy */,
			);
		};
/* End PBXProject section */

/* Begin PBXSourcesBuildPhase section */
		6F671FD31E2F683E00AC926C /* Sources */ = {
			isa = PBXSourcesBuildPhase;
			buildActionMask = 2147483647;
			files = (
				6F671FDB1E2F683E00AC926C /* main.m in Sources */,
				6F12A9971E30598700AC8191 /* GameCharactor.m in Sources */,
				6F12A9A61E30618D00AC8191 /* Person.m in Sources */,
				6F12A9AC1E30622400AC8191 /* UnivStudent.m in Sources */,
				6F12A99D1E3059A900AC8191 /* Human.m in Sources */,
				6F12A9A31E305ECD00AC8191 /* Elf.m in Sources */,
				6F12A9A91E3061FD00AC8191 /* Student.m in Sources */,
			);
			runOnlyForDeploymentPostprocessing = 0;
		};
/* End PBXSourcesBuildPhase section */

/* Begin XCBuildConfiguration section */
		6F671FDC1E2F683E00AC926C /* Debug */ = {
			isa = XCBuildConfiguration;
			buildSettings = {
				ALWAYS_SEARCH_USER_PATHS = NO;
				CLANG_ANALYZER_NONNULL = YES;
				CLANG_CXX_LANGUAGE_STANDARD = "gnu++0x";
				CLANG_CXX_LIBRARY = "libc++";
				CLANG_ENABLE_MODULES = YES;
				CLANG_ENABLE_OBJC_ARC = YES;
				CLANG_WARN_BOOL_CONVERSION = YES;
				CLANG_WARN_CONSTANT_CONVERSION = YES;
				CLANG_WARN_DIRECT_OBJC_ISA_USAGE = YES_ERROR;
				CLANG_WARN_DOCUMENTATION_COMMENTS = YES;
				CLANG_WARN_EMPTY_BODY = YES;
				CLANG_WARN_ENUM_CONVERSION = YES;
				CLANG_WARN_INFINITE_RECURSION = YES;
				CLANG_WARN_INT_CONVERSION = YES;
				CLANG_WARN_OBJC_ROOT_CLASS = YES_ERROR;
				CLANG_WARN_SUSPICIOUS_MOVE = YES;
				CLANG_WARN_UNREACHABLE_CODE = YES;
				CLANG_WARN__DUPLICATE_METHOD_MATCH = YES;
				CODE_SIGN_IDENTITY = "-";
				COPY_PHASE_STRIP = NO;
				DEBUG_INFORMATION_FORMAT = dwarf;
				ENABLE_STRICT_OBJC_MSGSEND = YES;
				ENABLE_TESTABILITY = YES;
				GCC_C_LANGUAGE_STANDARD = gnu99;
				GCC_DYNAMIC_NO_PIC = NO;
				GCC_NO_COMMON_BLOCKS = YES;
				GCC_OPTIMIZATION_LEVEL = 0;
				GCC_PREPROCESSOR_DEFINITIONS = (
					"DEBUG=1",
					"$(inherited)",
				);
				GCC_WARN_64_TO_32_BIT_CONVERSION = YES;
				GCC_WARN_ABOUT_RETURN_TYPE = YES_ERROR;
				GCC_WARN_UNDECLARED_SELECTOR = YES;
				GCC_WARN_UNINITIALIZED_AUTOS = YES_AGGRESSIVE;
				GCC_WARN_UNUSED_FUNCTION = YES;
				GCC_WARN_UNUSED_VARIABLE = YES;
				MACOSX_DEPLOYMENT_TARGET = 10.12;
				MTL_ENABLE_DEBUG_INFO = YES;
				ONLY_ACTIVE_ARCH = YES;
				SDKROOT = macosx;
			};
			name = Debug;
		};
		6F671FDD1E2F683E00AC926C /* Release */ = {
			isa = XCBuildConfiguration;
			buildSettings = {
				ALWAYS_SEARCH_USER_PATHS = NO;
				CLANG_ANALYZER_NONNULL = YES;
				CLANG_CXX_LANGUAGE_STANDARD = "gnu++0x";
				CLANG_CXX_LIBRARY = "libc++";
				CLANG_ENABLE_MODULES = YES;
				CLANG_ENABLE_OBJC_ARC = YES;
				CLANG_WARN_BOOL_CONVERSION = YES;
				CLANG_WARN_CONSTANT_CONVERSION = YES;
				CLANG_WARN_DIRECT_OBJC_ISA_USAGE = YES_ERROR;
				CLANG_WARN_DOCUMENTATION_COMMENTS = YES;
				CLANG_WARN_EMPTY_BODY = YES;
				CLANG_WARN_ENUM_CONVERSION = YES;
				CLANG_WARN_INFINITE_RECURSION = YES;
				CLANG_WARN_INT_CONVERSION = YES;
				CLANG_WARN_OBJC_ROOT_CLASS = YES_ERROR;
				CLANG_WARN_SUSPICIOUS_MOVE = YES;
				CLANG_WARN_UNREACHABLE_CODE = YES;
				CLANG_WARN__DUPLICATE_METHOD_MATCH = YES;
				CODE_SIGN_IDENTITY = "-";
				COPY_PHASE_STRIP = NO;
				DEBUG_INFORMATION_FORMAT = "dwarf-with-dsym";
				ENABLE_NS_ASSERTIONS = NO;
				ENABLE_STRICT_OBJC_MSGSEND = YES;
				GCC_C_LANGUAGE_STANDARD = gnu99;
				GCC_NO_COMMON_BLOCKS = YES;
				GCC_WARN_64_TO_32_BIT_CONVERSION = YES;
				GCC_WARN_ABOUT_RETURN_TYPE = YES_ERROR;
				GCC_WARN_UNDECLARED_SELECTOR = YES;
				GCC_WARN_UNINITIALIZED_AUTOS = YES_AGGRESSIVE;
				GCC_WARN_UNUSED_FUNCTION = YES;
				GCC_WARN_UNUSED_VARIABLE = YES;
				MACOSX_DEPLOYMENT_TARGET = 10.12;
				MTL_ENABLE_DEBUG_INFO = NO;
				SDKROOT = macosx;
			};
			name = Release;
		};
		6F671FDF1E2F683E00AC926C /* Debug */ = {
			isa = XCBuildConfiguration;
			buildSettings = {
				PRODUCT_NAME = "$(TARGET_NAME)";
			};
			name = Debug;
		};
		6F671FE01E2F683E00AC926C /* Release */ = {
			isa = XCBuildConfiguration;
			buildSettings = {
				PRODUCT_NAME = "$(TARGET_NAME)";
			};
			name = Release;
		};
/* End XCBuildConfiguration section */

/* Begin XCConfigurationList section */
		6F671FD21E2F683E00AC926C /* Build configuration list for PBXProject "MyFourthIosStudy" */ = {
			isa = XCConfigurationList;
			buildConfigurations = (
				6F671FDC1E2F683E00AC926C /* Debug */,
				6F671FDD1E2F683E00AC926C /* Release */,
			);
			defaultConfigurationIsVisible = 0;
			defaultConfigurationName = Release;
		};
		6F671FDE1E2F683E00AC926C /* Build configuration list for PBXNativeTarget "MyFourthIosStudy" */ = {
			isa = XCConfigurationList;
			buildConfigurations = (
				6F671FDF1E2F683E00AC926C /* Debug */,
				6F671FE01E2F683E00AC926C /* Release */,
			);
			defaultConfigurationIsVisible = 0;
			defaultConfigurationName = Release;
		};
/* End XCConfigurationList section */
	};
	rootObject = 6F671FCF1E2F683E00AC926C /* Project object */;
}
