// !$*UTF8*$!
{
	archiveVersion = 1;
	classes = {
	};
	objectVersion = 46;
	objects = {

/* Begin PBXBuildFile section */
		6F0E523A1E5E70D60045B001 /* DetailProfileController.m in Sources */ = {isa = PBXBuildFile; fileRef = 6F0E52391E5E70D60045B001 /* DetailProfileController.m */; };
		6F0E523C1E5E77C10045B001 /* profile.png in Resources */ = {isa = PBXBuildFile; fileRef = 6F0E523B1E5E77C10045B001 /* profile.png */; };
		6F0E523E1E5E94210045B001 /* ios.png in Resources */ = {isa = PBXBuildFile; fileRef = 6F0E523D1E5E94210045B001 /* ios.png */; };
		6F0E52411E5EAF0F0045B001 /* DataCenter.m in Sources */ = {isa = PBXBuildFile; fileRef = 6F0E52401E5EAF0F0045B001 /* DataCenter.m */; };
		6F0E52431E5ED1F00045B001 /* Refresh.png in Resources */ = {isa = PBXBuildFile; fileRef = 6F0E52421E5ED1F00045B001 /* Refresh.png */; };
		6F846FFE1E5DE86C00854F80 /* main.m in Sources */ = {isa = PBXBuildFile; fileRef = 6F846FFD1E5DE86C00854F80 /* main.m */; };
		6F8470011E5DE86C00854F80 /* AppDelegate.m in Sources */ = {isa = PBXBuildFile; fileRef = 6F8470001E5DE86C00854F80 /* AppDelegate.m */; };
		6F84700A1E5DE86C00854F80 /* profileSettingTable.xcdatamodeld in Sources */ = {isa = PBXBuildFile; fileRef = 6F8470081E5DE86C00854F80 /* profileSettingTable.xcdatamodeld */; };
		6F84700C1E5DE86C00854F80 /* Assets.xcassets in Resources */ = {isa = PBXBuildFile; fileRef = 6F84700B1E5DE86C00854F80 /* Assets.xcassets */; };
		6F84700F1E5DE86C00854F80 /* LaunchScreen.storyboard in Resources */ = {isa = PBXBuildFile; fileRef = 6F84700D1E5DE86C00854F80 /* LaunchScreen.storyboard */; };
		6F8470191E5DE8FF00854F80 /* Main.storyboard in Resources */ = {isa = PBXBuildFile; fileRef = 6F8470181E5DE8FE00854F80 /* Main.storyboard */; };
		6F84701C1E5DE94500854F80 /* SettingTableViewCell.m in Sources */ = {isa = PBXBuildFile; fileRef = 6F84701B1E5DE94500854F80 /* SettingTableViewCell.m */; };
		6F84701F1E5DE95B00854F80 /* ViewController.m in Sources */ = {isa = PBXBuildFile; fileRef = 6F84701E1E5DE95B00854F80 /* ViewController.m */; };
/* End PBXBuildFile section */

/* Begin PBXFileReference section */
		6F0E52381E5E70D60045B001 /* DetailProfileController.h */ = {isa = PBXFileReference; fileEncoding = 4; lastKnownFileType = sourcecode.c.h; path = DetailProfileController.h; sourceTree = "<group>"; };
		6F0E52391E5E70D60045B001 /* DetailProfileController.m */ = {isa = PBXFileReference; fileEncoding = 4; lastKnownFileType = sourcecode.c.objc; path = DetailProfileController.m; sourceTree = "<group>"; };
		6F0E523B1E5E77C10045B001 /* profile.png */ = {isa = PBXFileReference; lastKnownFileType = image.png; path = profile.png; sourceTree = "<group>"; };
		6F0E523D1E5E94210045B001 /* ios.png */ = {isa = PBXFileReference; lastKnownFileType = image.png; path = ios.png; sourceTree = "<group>"; };
		6F0E523F1E5EAF0F0045B001 /* DataCenter.h */ = {isa = PBXFileReference; fileEncoding = 4; lastKnownFileType = sourcecode.c.h; path = DataCenter.h; sourceTree = "<group>"; };
		6F0E52401E5EAF0F0045B001 /* DataCenter.m */ = {isa = PBXFileReference; fileEncoding = 4; lastKnownFileType = sourcecode.c.objc; path = DataCenter.m; sourceTree = "<group>"; };
		6F0E52421E5ED1F00045B001 /* Refresh.png */ = {isa = PBXFileReference; lastKnownFileType = image.png; path = Refresh.png; sourceTree = "<group>"; };
		6F846FF91E5DE86C00854F80 /* profileSettingTable.app */ = {isa = PBXFileReference; explicitFileType = wrapper.application; includeInIndex = 0; path = profileSettingTable.app; sourceTree = BUILT_PRODUCTS_DIR; };
		6F846FFD1E5DE86C00854F80 /* main.m */ = {isa = PBXFileReference; lastKnownFileType = sourcecode.c.objc; path = main.m; sourceTree = "<group>"; };
		6F846FFF1E5DE86C00854F80 /* AppDelegate.h */ = {isa = PBXFileReference; lastKnownFileType = sourcecode.c.h; path = AppDelegate.h; sourceTree = "<group>"; };
		6F8470001E5DE86C00854F80 /* AppDelegate.m */ = {isa = PBXFileReference; lastKnownFileType = sourcecode.c.objc; path = AppDelegate.m; sourceTree = "<group>"; };
		6F8470091E5DE86C00854F80 /* profileSettingTable.xcdatamodel */ = {isa = PBXFileReference; lastKnownFileType = wrapper.xcdatamodel; path = profileSettingTable.xcdatamodel; sourceTree = "<group>"; };
		6F84700B1E5DE86C00854F80 /* Assets.xcassets */ = {isa = PBXFileReference; lastKnownFileType = folder.assetcatalog; path = Assets.xcassets; sourceTree = "<group>"; };
		6F84700E1E5DE86C00854F80 /* Base */ = {isa = PBXFileReference; lastKnownFileType = file.storyboard; name = Base; path = Base.lproj/LaunchScreen.storyboard; sourceTree = "<group>"; };
		6F8470101E5DE86C00854F80 /* Info.plist */ = {isa = PBXFileReference; lastKnownFileType = text.plist.xml; path = Info.plist; sourceTree = "<group>"; };
		6F8470181E5DE8FE00854F80 /* Main.storyboard */ = {isa = PBXFileReference; fileEncoding = 4; lastKnownFileType = file.storyboard; path = Main.storyboard; sourceTree = "<group>"; };
		6F84701A1E5DE94500854F80 /* SettingTableViewCell.h */ = {isa = PBXFileReference; fileEncoding = 4; lastKnownFileType = sourcecode.c.h; path = SettingTableViewCell.h; sourceTree = "<group>"; };
		6F84701B1E5DE94500854F80 /* SettingTableViewCell.m */ = {isa = PBXFileReference; fileEncoding = 4; lastKnownFileType = sourcecode.c.objc; path = SettingTableViewCell.m; sourceTree = "<group>"; };
		6F84701D1E5DE95B00854F80 /* ViewController.h */ = {isa = PBXFileReference; fileEncoding = 4; lastKnownFileType = sourcecode.c.h; path = ViewController.h; sourceTree = "<group>"; };
		6F84701E1E5DE95B00854F80 /* ViewController.m */ = {isa = PBXFileReference; fileEncoding = 4; lastKnownFileType = sourcecode.c.objc; path = ViewController.m; sourceTree = "<group>"; };
/* End PBXFileReference section */

/* Begin PBXFrameworksBuildPhase section */
		6F846FF61E5DE86C00854F80 /* Frameworks */ = {
			isa = PBXFrameworksBuildPhase;
			buildActionMask = 2147483647;
			files = (
			);
			runOnlyForDeploymentPostprocessing = 0;
		};
/* End PBXFrameworksBuildPhase section */

/* Begin PBXGroup section */
		6F846FF01E5DE86C00854F80 = {
			isa = PBXGroup;
			children = (
				6F846FFB1E5DE86C00854F80 /* profileSettingTable */,
				6F846FFA1E5DE86C00854F80 /* Products */,
			);
			sourceTree = "<group>";
		};
		6F846FFA1E5DE86C00854F80 /* Products */ = {
			isa = PBXGroup;
			children = (
				6F846FF91E5DE86C00854F80 /* profileSettingTable.app */,
			);
			name = Products;
			sourceTree = "<group>";
		};
		6F846FFB1E5DE86C00854F80 /* profileSettingTable */ = {
			isa = PBXGroup;
			children = (
				6F0E523B1E5E77C10045B001 /* profile.png */,
				6F0E523D1E5E94210045B001 /* ios.png */,
				6F0E523F1E5EAF0F0045B001 /* DataCenter.h */,
				6F0E52401E5EAF0F0045B001 /* DataCenter.m */,
				6F0E52421E5ED1F00045B001 /* Refresh.png */,
				6F0E52381E5E70D60045B001 /* DetailProfileController.h */,
				6F0E52391E5E70D60045B001 /* DetailProfileController.m */,
				6F84701D1E5DE95B00854F80 /* ViewController.h */,
				6F84701E1E5DE95B00854F80 /* ViewController.m */,
				6F84701A1E5DE94500854F80 /* SettingTableViewCell.h */,
				6F84701B1E5DE94500854F80 /* SettingTableViewCell.m */,
				6F846FFF1E5DE86C00854F80 /* AppDelegate.h */,
				6F8470001E5DE86C00854F80 /* AppDelegate.m */,
				6F84700B1E5DE86C00854F80 /* Assets.xcassets */,
				6F8470181E5DE8FE00854F80 /* Main.storyboard */,
				6F84700D1E5DE86C00854F80 /* LaunchScreen.storyboard */,
				6F8470101E5DE86C00854F80 /* Info.plist */,
				6F8470081E5DE86C00854F80 /* profileSettingTable.xcdatamodeld */,
				6F846FFC1E5DE86C00854F80 /* Supporting Files */,
			);
			path = profileSettingTable;
			sourceTree = "<group>";
		};
		6F846FFC1E5DE86C00854F80 /* Supporting Files */ = {
			isa = PBXGroup;
			children = (
				6F846FFD1E5DE86C00854F80 /* main.m */,
			);
			name = "Supporting Files";
			sourceTree = "<group>";
		};
/* End PBXGroup section */

/* Begin PBXNativeTarget section */
		6F846FF81E5DE86C00854F80 /* profileSettingTable */ = {
			isa = PBXNativeTarget;
			buildConfigurationList = 6F8470131E5DE86C00854F80 /* Build configuration list for PBXNativeTarget "profileSettingTable" */;
			buildPhases = (
				6F846FF51E5DE86C00854F80 /* Sources */,
				6F846FF61E5DE86C00854F80 /* Frameworks */,
				6F846FF71E5DE86C00854F80 /* Resources */,
			);
			buildRules = (
			);
			dependencies = (
			);
			name = profileSettingTable;
			productName = profileSettingTable;
			productReference = 6F846FF91E5DE86C00854F80 /* profileSettingTable.app */;
			productType = "com.apple.product-type.application";
		};
/* End PBXNativeTarget section */

/* Begin PBXProject section */
		6F846FF11E5DE86C00854F80 /* Project object */ = {
			isa = PBXProject;
			attributes = {
				LastUpgradeCheck = 0820;
				ORGANIZATIONNAME = YoungsooHan;
				TargetAttributes = {
					6F846FF81E5DE86C00854F80 = {
						CreatedOnToolsVersion = 8.2.1;
						ProvisioningStyle = Automatic;
					};
				};
			};
			buildConfigurationList = 6F846FF41E5DE86C00854F80 /* Build configuration list for PBXProject "profileSettingTable" */;
			compatibilityVersion = "Xcode 3.2";
			developmentRegion = English;
			hasScannedForEncodings = 0;
			knownRegions = (
				en,
				Base,
			);
			mainGroup = 6F846FF01E5DE86C00854F80;
			productRefGroup = 6F846FFA1E5DE86C00854F80 /* Products */;
			projectDirPath = "";
			projectRoot = "";
			targets = (
				6F846FF81E5DE86C00854F80 /* profileSettingTable */,
			);
		};
/* End PBXProject section */

/* Begin PBXResourcesBuildPhase section */
		6F846FF71E5DE86C00854F80 /* Resources */ = {
			isa = PBXResourcesBuildPhase;
			buildActionMask = 2147483647;
			files = (
				6F8470191E5DE8FF00854F80 /* Main.storyboard in Resources */,
				6F84700F1E5DE86C00854F80 /* LaunchScreen.storyboard in Resources */,
				6F84700C1E5DE86C00854F80 /* Assets.xcassets in Resources */,
				6F0E52431E5ED1F00045B001 /* Refresh.png in Resources */,
				6F0E523E1E5E94210045B001 /* ios.png in Resources */,
				6F0E523C1E5E77C10045B001 /* profile.png in Resources */,
			);
			runOnlyForDeploymentPostprocessing = 0;
		};
/* End PBXResourcesBuildPhase section */

/* Begin PBXSourcesBuildPhase section */
		6F846FF51E5DE86C00854F80 /* Sources */ = {
			isa = PBXSourcesBuildPhase;
			buildActionMask = 2147483647;
			files = (
				6F0E523A1E5E70D60045B001 /* DetailProfileController.m in Sources */,
				6F84701C1E5DE94500854F80 /* SettingTableViewCell.m in Sources */,
				6F8470011E5DE86C00854F80 /* AppDelegate.m in Sources */,
				6F84700A1E5DE86C00854F80 /* profileSettingTable.xcdatamodeld in Sources */,
				6F0E52411E5EAF0F0045B001 /* DataCenter.m in Sources */,
				6F846FFE1E5DE86C00854F80 /* main.m in Sources */,
				6F84701F1E5DE95B00854F80 /* ViewController.m in Sources */,
			);
			runOnlyForDeploymentPostprocessing = 0;
		};
/* End PBXSourcesBuildPhase section */

/* Begin PBXVariantGroup section */
		6F84700D1E5DE86C00854F80 /* LaunchScreen.storyboard */ = {
			isa = PBXVariantGroup;
			children = (
				6F84700E1E5DE86C00854F80 /* Base */,
			);
			name = LaunchScreen.storyboard;
			sourceTree = "<group>";
		};
/* End PBXVariantGroup section */

/* Begin XCBuildConfiguration section */
		6F8470111E5DE86C00854F80 /* Debug */ = {
			isa = XCBuildConfiguration;
			buildSettings = {
				ALWAYS_SEARCH_USER_PATHS = NO;
				CLANG_ANALYZER_NONNULL = YES;
				CLANG_CXX_LANGUAGE_STANDARD = "gnu++0x";
				CLANG_CXX_LIBRARY = "libc++";
				CLANG_ENABLE_MODULES = YES;
				CLANG_ENABLE_OBJC_ARC = YES;
				CLANG_WARN_BOOL_CONVERSION = YES;
				CLANG_WARN_CONSTANT_CONVERSION = YES;
				CLANG_WARN_DIRECT_OBJC_ISA_USAGE = YES_ERROR;
				CLANG_WARN_DOCUMENTATION_COMMENTS = YES;
				CLANG_WARN_EMPTY_BODY = YES;
				CLANG_WARN_ENUM_CONVERSION = YES;
				CLANG_WARN_INFINITE_RECURSION = YES;
				CLANG_WARN_INT_CONVERSION = YES;
				CLANG_WARN_OBJC_ROOT_CLASS = YES_ERROR;
				CLANG_WARN_SUSPICIOUS_MOVE = YES;
				CLANG_WARN_UNREACHABLE_CODE = YES;
				CLANG_WARN__DUPLICATE_METHOD_MATCH = YES;
				"CODE_SIGN_IDENTITY[sdk=iphoneos*]" = "iPhone Developer";
				COPY_PHASE_STRIP = NO;
				DEBUG_INFORMATION_FORMAT = dwarf;
				ENABLE_STRICT_OBJC_MSGSEND = YES;
				ENABLE_TESTABILITY = YES;
				GCC_C_LANGUAGE_STANDARD = gnu99;
				GCC_DYNAMIC_NO_PIC = NO;
				GCC_NO_COMMON_BLOCKS = YES;
				GCC_OPTIMIZATION_LEVEL = 0;
				GCC_PREPROCESSOR_DEFINITIONS = (
					"DEBUG=1",
					"$(inherited)",
				);
				GCC_WARN_64_TO_32_BIT_CONVERSION = YES;
				GCC_WARN_ABOUT_RETURN_TYPE = YES_ERROR;
				GCC_WARN_UNDECLARED_SELECTOR = YES;
				GCC_WARN_UNINITIALIZED_AUTOS = YES_AGGRESSIVE;
				GCC_WARN_UNUSED_FUNCTION = YES;
				GCC_WARN_UNUSED_VARIABLE = YES;
				IPHONEOS_DEPLOYMENT_TARGET = 10.2;
				MTL_ENABLE_DEBUG_INFO = YES;
				ONLY_ACTIVE_ARCH = YES;
				SDKROOT = iphoneos;
			};
			name = Debug;
		};
		6F8470121E5DE86C00854F80 /* Release */ = {
			isa = XCBuildConfiguration;
			buildSettings = {
				ALWAYS_SEARCH_USER_PATHS = NO;
				CLANG_ANALYZER_NONNULL = YES;
				CLANG_CXX_LANGUAGE_STANDARD = "gnu++0x";
				CLANG_CXX_LIBRARY = "libc++";
				CLANG_ENABLE_MODULES = YES;
				CLANG_ENABLE_OBJC_ARC = YES;
				CLANG_WARN_BOOL_CONVERSION = YES;
				CLANG_WARN_CONSTANT_CONVERSION = YES;
				CLANG_WARN_DIRECT_OBJC_ISA_USAGE = YES_ERROR;
				CLANG_WARN_DOCUMENTATION_COMMENTS = YES;
				CLANG_WARN_EMPTY_BODY = YES;
				CLANG_WARN_ENUM_CONVERSION = YES;
				CLANG_WARN_INFINITE_RECURSION = YES;
				CLANG_WARN_INT_CONVERSION = YES;
				CLANG_WARN_OBJC_ROOT_CLASS = YES_ERROR;
				CLANG_WARN_SUSPICIOUS_MOVE = YES;
				CLANG_WARN_UNREACHABLE_CODE = YES;
				CLANG_WARN__DUPLICATE_METHOD_MATCH = YES;
				"CODE_SIGN_IDENTITY[sdk=iphoneos*]" = "iPhone Developer";
				COPY_PHASE_STRIP = NO;
				DEBUG_INFORMATION_FORMAT = "dwarf-with-dsym";
				ENABLE_NS_ASSERTIONS = NO;
				ENABLE_STRICT_OBJC_MSGSEND = YES;
				GCC_C_LANGUAGE_STANDARD = gnu99;
				GCC_NO_COMMON_BLOCKS = YES;
				GCC_WARN_64_TO_32_BIT_CONVERSION = YES;
				GCC_WARN_ABOUT_RETURN_TYPE = YES_ERROR;
				GCC_WARN_UNDECLARED_SELECTOR = YES;
				GCC_WARN_UNINITIALIZED_AUTOS = YES_AGGRESSIVE;
				GCC_WARN_UNUSED_FUNCTION = YES;
				GCC_WARN_UNUSED_VARIABLE = YES;
				IPHONEOS_DEPLOYMENT_TARGET = 10.2;
				MTL_ENABLE_DEBUG_INFO = NO;
				SDKROOT = iphoneos;
				VALIDATE_PRODUCT = YES;
			};
			name = Release;
		};
		6F8470141E5DE86C00854F80 /* Debug */ = {
			isa = XCBuildConfiguration;
			buildSettings = {
				ASSETCATALOG_COMPILER_APPICON_NAME = AppIcon;
				INFOPLIST_FILE = profileSettingTable/Info.plist;
				LD_RUNPATH_SEARCH_PATHS = "$(inherited) @executable_path/Frameworks";
				PRODUCT_BUNDLE_IDENTIFIER = com.hys.develop.profileSettingTable;
				PRODUCT_NAME = "$(TARGET_NAME)";
			};
			name = Debug;
		};
		6F8470151E5DE86C00854F80 /* Release */ = {
			isa = XCBuildConfiguration;
			buildSettings = {
				ASSETCATALOG_COMPILER_APPICON_NAME = AppIcon;
				INFOPLIST_FILE = profileSettingTable/Info.plist;
				LD_RUNPATH_SEARCH_PATHS = "$(inherited) @executable_path/Frameworks";
				PRODUCT_BUNDLE_IDENTIFIER = com.hys.develop.profileSettingTable;
				PRODUCT_NAME = "$(TARGET_NAME)";
			};
			name = Release;
		};
/* End XCBuildConfiguration section */

/* Begin XCConfigurationList section */
		6F846FF41E5DE86C00854F80 /* Build configuration list for PBXProject "profileSettingTable" */ = {
			isa = XCConfigurationList;
			buildConfigurations = (
				6F8470111E5DE86C00854F80 /* Debug */,
				6F8470121E5DE86C00854F80 /* Release */,
			);
			defaultConfigurationIsVisible = 0;
			defaultConfigurationName = Release;
		};
		6F8470131E5DE86C00854F80 /* Build configuration list for PBXNativeTarget "profileSettingTable" */ = {
			isa = XCConfigurationList;
			buildConfigurations = (
				6F8470141E5DE86C00854F80 /* Debug */,
				6F8470151E5DE86C00854F80 /* Release */,
			);
			defaultConfigurationIsVisible = 0;
			defaultConfigurationName = Release;
		};
/* End XCConfigurationList section */

/* Begin XCVersionGroup section */
		6F8470081E5DE86C00854F80 /* profileSettingTable.xcdatamodeld */ = {
			isa = XCVersionGroup;
			children = (
				6F8470091E5DE86C00854F80 /* profileSettingTable.xcdatamodel */,
			);
			currentVersion = 6F8470091E5DE86C00854F80 /* profileSettingTable.xcdatamodel */;
			path = profileSettingTable.xcdatamodeld;
			sourceTree = "<group>";
			versionGroupType = wrapper.xcdatamodel;
		};
/* End XCVersionGroup section */
	};
	rootObject = 6F846FF11E5DE86C00854F80 /* Project object */;
}
