// !$*UTF8*$!
{
	archiveVersion = 1;
	classes = {
	};
	objectVersion = 46;
	objects = {

/* Begin PBXBuildFile section */
		6F28ECE21E31A12700380FA3 /* main.m in Sources */ = {isa = PBXBuildFile; fileRef = 6F28ECE11E31A12700380FA3 /* main.m */; };
		6F28ECEA1E31AC8400380FA3 /* Person.m in Sources */ = {isa = PBXBuildFile; fileRef = 6F28ECE91E31AC8400380FA3 /* Person.m */; };
		6FE47BD51E31E9BC0093E205 /* Man.m in Sources */ = {isa = PBXBuildFile; fileRef = 6FE47BD41E31E9BC0093E205 /* Man.m */; };
/* End PBXBuildFile section */

/* Begin PBXCopyFilesBuildPhase section */
		6F28ECDC1E31A12700380FA3 /* CopyFiles */ = {
			isa = PBXCopyFilesBuildPhase;
			buildActionMask = 2147483647;
			dstPath = /usr/share/man/man1/;
			dstSubfolderSpec = 0;
			files = (
			);
			runOnlyForDeploymentPostprocessing = 1;
		};
/* End PBXCopyFilesBuildPhase section */

/* Begin PBXFileReference section */
		6F28ECDE1E31A12700380FA3 /* MyFifthIosStudy */ = {isa = PBXFileReference; explicitFileType = "compiled.mach-o.executable"; includeInIndex = 0; path = MyFifthIosStudy; sourceTree = BUILT_PRODUCTS_DIR; };
		6F28ECE11E31A12700380FA3 /* main.m */ = {isa = PBXFileReference; lastKnownFileType = sourcecode.c.objc; path = main.m; sourceTree = "<group>"; };
		6F28ECE81E31AC8400380FA3 /* Person.h */ = {isa = PBXFileReference; fileEncoding = 4; lastKnownFileType = sourcecode.c.h; path = Person.h; sourceTree = "<group>"; };
		6F28ECE91E31AC8400380FA3 /* Person.m */ = {isa = PBXFileReference; fileEncoding = 4; lastKnownFileType = sourcecode.c.objc; path = Person.m; sourceTree = "<group>"; };
		6FE47BD31E31E9BC0093E205 /* Man.h */ = {isa = PBXFileReference; fileEncoding = 4; lastKnownFileType = sourcecode.c.h; path = Man.h; sourceTree = "<group>"; };
		6FE47BD41E31E9BC0093E205 /* Man.m */ = {isa = PBXFileReference; fileEncoding = 4; lastKnownFileType = sourcecode.c.objc; path = Man.m; sourceTree = "<group>"; };
/* End PBXFileReference section */

/* Begin PBXFrameworksBuildPhase section */
		6F28ECDB1E31A12700380FA3 /* Frameworks */ = {
			isa = PBXFrameworksBuildPhase;
			buildActionMask = 2147483647;
			files = (
			);
			runOnlyForDeploymentPostprocessing = 0;
		};
/* End PBXFrameworksBuildPhase section */

/* Begin PBXGroup section */
		6F28ECD51E31A12700380FA3 = {
			isa = PBXGroup;
			children = (
				6F28ECE01E31A12700380FA3 /* MyFifthIosStudy */,
				6F28ECDF1E31A12700380FA3 /* Products */,
			);
			sourceTree = "<group>";
		};
		6F28ECDF1E31A12700380FA3 /* Products */ = {
			isa = PBXGroup;
			children = (
				6F28ECDE1E31A12700380FA3 /* MyFifthIosStudy */,
			);
			name = Products;
			sourceTree = "<group>";
		};
		6F28ECE01E31A12700380FA3 /* MyFifthIosStudy */ = {
			isa = PBXGroup;
			children = (
				6F28ECE11E31A12700380FA3 /* main.m */,
				6F28ECE81E31AC8400380FA3 /* Person.h */,
				6F28ECE91E31AC8400380FA3 /* Person.m */,
				6FE47BD31E31E9BC0093E205 /* Man.h */,
				6FE47BD41E31E9BC0093E205 /* Man.m */,
			);
			path = MyFifthIosStudy;
			sourceTree = "<group>";
		};
/* End PBXGroup section */

/* Begin PBXNativeTarget section */
		6F28ECDD1E31A12700380FA3 /* MyFifthIosStudy */ = {
			isa = PBXNativeTarget;
			buildConfigurationList = 6F28ECE51E31A12700380FA3 /* Build configuration list for PBXNativeTarget "MyFifthIosStudy" */;
			buildPhases = (
				6F28ECDA1E31A12700380FA3 /* Sources */,
				6F28ECDB1E31A12700380FA3 /* Frameworks */,
				6F28ECDC1E31A12700380FA3 /* CopyFiles */,
			);
			buildRules = (
			);
			dependencies = (
			);
			name = MyFifthIosStudy;
			productName = MyFifthIosStudy;
			productReference = 6F28ECDE1E31A12700380FA3 /* MyFifthIosStudy */;
			productType = "com.apple.product-type.tool";
		};
/* End PBXNativeTarget section */

/* Begin PBXProject section */
		6F28ECD61E31A12700380FA3 /* Project object */ = {
			isa = PBXProject;
			attributes = {
				LastUpgradeCheck = 0820;
				ORGANIZATIONNAME = YoungsooHan;
				TargetAttributes = {
					6F28ECDD1E31A12700380FA3 = {
						CreatedOnToolsVersion = 8.2.1;
						ProvisioningStyle = Automatic;
					};
				};
			};
			buildConfigurationList = 6F28ECD91E31A12700380FA3 /* Build configuration list for PBXProject "MyFifthIosStudy" */;
			compatibilityVersion = "Xcode 3.2";
			developmentRegion = English;
			hasScannedForEncodings = 0;
			knownRegions = (
				en,
			);
			mainGroup = 6F28ECD51E31A12700380FA3;
			productRefGroup = 6F28ECDF1E31A12700380FA3 /* Products */;
			projectDirPath = "";
			projectRoot = "";
			targets = (
				6F28ECDD1E31A12700380FA3 /* MyFifthIosStudy */,
			);
		};
/* End PBXProject section */

/* Begin PBXSourcesBuildPhase section */
		6F28ECDA1E31A12700380FA3 /* Sources */ = {
			isa = PBXSourcesBuildPhase;
			buildActionMask = 2147483647;
			files = (
				6FE47BD51E31E9BC0093E205 /* Man.m in Sources */,
				6F28ECEA1E31AC8400380FA3 /* Person.m in Sources */,
				6F28ECE21E31A12700380FA3 /* main.m in Sources */,
			);
			runOnlyForDeploymentPostprocessing = 0;
		};
/* End PBXSourcesBuildPhase section */

/* Begin XCBuildConfiguration section */
		6F28ECE31E31A12700380FA3 /* Debug */ = {
			isa = XCBuildConfiguration;
			buildSettings = {
				ALWAYS_SEARCH_USER_PATHS = NO;
				CLANG_ANALYZER_NONNULL = YES;
				CLANG_CXX_LANGUAGE_STANDARD = "gnu++0x";
				CLANG_CXX_LIBRARY = "libc++";
				CLANG_ENABLE_MODULES = YES;
				CLANG_ENABLE_OBJC_ARC = YES;
				CLANG_WARN_BOOL_CONVERSION = YES;
				CLANG_WARN_CONSTANT_CONVERSION = YES;
				CLANG_WARN_DIRECT_OBJC_ISA_USAGE = YES_ERROR;
				CLANG_WARN_DOCUMENTATION_COMMENTS = YES;
				CLANG_WARN_EMPTY_BODY = YES;
				CLANG_WARN_ENUM_CONVERSION = YES;
				CLANG_WARN_INFINITE_RECURSION = YES;
				CLANG_WARN_INT_CONVERSION = YES;
				CLANG_WARN_OBJC_ROOT_CLASS = YES_ERROR;
				CLANG_WARN_SUSPICIOUS_MOVE = YES;
				CLANG_WARN_UNREACHABLE_CODE = YES;
				CLANG_WARN__DUPLICATE_METHOD_MATCH = YES;
				CODE_SIGN_IDENTITY = "-";
				COPY_PHASE_STRIP = NO;
				DEBUG_INFORMATION_FORMAT = dwarf;
				ENABLE_STRICT_OBJC_MSGSEND = YES;
				ENABLE_TESTABILITY = YES;
				GCC_C_LANGUAGE_STANDARD = gnu99;
				GCC_DYNAMIC_NO_PIC = NO;
				GCC_NO_COMMON_BLOCKS = YES;
				GCC_OPTIMIZATION_LEVEL = 0;
				GCC_PREPROCESSOR_DEFINITIONS = (
					"DEBUG=1",
					"$(inherited)",
				);
				GCC_WARN_64_TO_32_BIT_CONVERSION = YES;
				GCC_WARN_ABOUT_RETURN_TYPE = YES_ERROR;
				GCC_WARN_UNDECLARED_SELECTOR = YES;
				GCC_WARN_UNINITIALIZED_AUTOS = YES_AGGRESSIVE;
				GCC_WARN_UNUSED_FUNCTION = YES;
				GCC_WARN_UNUSED_VARIABLE = YES;
				MACOSX_DEPLOYMENT_TARGET = 10.12;
				MTL_ENABLE_DEBUG_INFO = YES;
				ONLY_ACTIVE_ARCH = YES;
				SDKROOT = macosx;
			};
			name = Debug;
		};
		6F28ECE41E31A12700380FA3 /* Release */ = {
			isa = XCBuildConfiguration;
			buildSettings = {
				ALWAYS_SEARCH_USER_PATHS = NO;
				CLANG_ANALYZER_NONNULL = YES;
				CLANG_CXX_LANGUAGE_STANDARD = "gnu++0x";
				CLANG_CXX_LIBRARY = "libc++";
				CLANG_ENABLE_MODULES = YES;
				CLANG_ENABLE_OBJC_ARC = YES;
				CLANG_WARN_BOOL_CONVERSION = YES;
				CLANG_WARN_CONSTANT_CONVERSION = YES;
				CLANG_WARN_DIRECT_OBJC_ISA_USAGE = YES_ERROR;
				CLANG_WARN_DOCUMENTATION_COMMENTS = YES;
				CLANG_WARN_EMPTY_BODY = YES;
				CLANG_WARN_ENUM_CONVERSION = YES;
				CLANG_WARN_INFINITE_RECURSION = YES;
				CLANG_WARN_INT_CONVERSION = YES;
				CLANG_WARN_OBJC_ROOT_CLASS = YES_ERROR;
				CLANG_WARN_SUSPICIOUS_MOVE = YES;
				CLANG_WARN_UNREACHABLE_CODE = YES;
				CLANG_WARN__DUPLICATE_METHOD_MATCH = YES;
				CODE_SIGN_IDENTITY = "-";
				COPY_PHASE_STRIP = NO;
				DEBUG_INFORMATION_FORMAT = "dwarf-with-dsym";
				ENABLE_NS_ASSERTIONS = NO;
				ENABLE_STRICT_OBJC_MSGSEND = YES;
				GCC_C_LANGUAGE_STANDARD = gnu99;
				GCC_NO_COMMON_BLOCKS = YES;
				GCC_WARN_64_TO_32_BIT_CONVERSION = YES;
				GCC_WARN_ABOUT_RETURN_TYPE = YES_ERROR;
				GCC_WARN_UNDECLARED_SELECTOR = YES;
				GCC_WARN_UNINITIALIZED_AUTOS = YES_AGGRESSIVE;
				GCC_WARN_UNUSED_FUNCTION = YES;
				GCC_WARN_UNUSED_VARIABLE = YES;
				MACOSX_DEPLOYMENT_TARGET = 10.12;
				MTL_ENABLE_DEBUG_INFO = NO;
				SDKROOT = macosx;
			};
			name = Release;
		};
		6F28ECE61E31A12700380FA3 /* Debug */ = {
			isa = XCBuildConfiguration;
			buildSettings = {
				PRODUCT_NAME = "$(TARGET_NAME)";
			};
			name = Debug;
		};
		6F28ECE71E31A12700380FA3 /* Release */ = {
			isa = XCBuildConfiguration;
			buildSettings = {
				PRODUCT_NAME = "$(TARGET_NAME)";
			};
			name = Release;
		};
/* End XCBuildConfiguration section */

/* Begin XCConfigurationList section */
		6F28ECD91E31A12700380FA3 /* Build configuration list for PBXProject "MyFifthIosStudy" */ = {
			isa = XCConfigurationList;
			buildConfigurations = (
				6F28ECE31E31A12700380FA3 /* Debug */,
				6F28ECE41E31A12700380FA3 /* Release */,
			);
			defaultConfigurationIsVisible = 0;
			defaultConfigurationName = Release;
		};
		6F28ECE51E31A12700380FA3 /* Build configuration list for PBXNativeTarget "MyFifthIosStudy" */ = {
			isa = XCConfigurationList;
			buildConfigurations = (
				6F28ECE61E31A12700380FA3 /* Debug */,
				6F28ECE71E31A12700380FA3 /* Release */,
			);
			defaultConfigurationIsVisible = 0;
			defaultConfigurationName = Release;
		};
/* End XCConfigurationList section */
	};
	rootObject = 6F28ECD61E31A12700380FA3 /* Project object */;
}
